GEM
  remote: https://rubygems.org/
  specs:
    colorize (1.1.0)

PLATFORMS
  ruby
  x86_64-linux

DEPENDENCIES
  colorize (~> 1.1)

CHECKSUMS
  bundler (4.0.16) sha256=d6ca5dd440c24f9abce9844cf44cc8e18c6a553de65a47efb4544137af92c47d
  colorize (1.1.0) sha256=30b5237f0603f6662ab8d1fc2bd4a96142b806c6415d79e45ef5fdc6a0cfc837

BUNDLED WITH
  4.0.16
